{
  "nodes": {
    "home-manager": {
      "inputs": {
        "nixpkgs": [
          "nixpkgs"
        ]
      },
      "locked": {
        "lastModified": 1747688870,
        "narHash": "sha256-ypL9WAZfmJr5V70jEVzqGjjQzF0uCkz+AFQF7n9NmNc=",
        "owner": "nix-community",
        "repo": "home-manager",
        "rev": "d5f1f641b289553927b3801580598d200a501863",
        "type": "github"
      },
      "original": {
        "owner": "nix-community",
        "ref": "release-24.11",
        "repo": "home-manager",
        "type": "github"
      }
    },
    "nixpkgs": {
      "locked": {
        "lastModified": 1749984908,
        "narHash": "sha256-tshxH8SMZ2ABc94SP4WpkFMaM31bkCh0qeQhH9iNKME=",
        "owner": "nixos",
        "repo": "nixpkgs",
        "rev": "c64c24ce7d6766b863987c1d516e039c8cadd460",
        "type": "github"
      },
      "original": {
        "owner": "nixos",
        "ref": "release-24.11",
        "repo": "nixpkgs",
        "type": "github"
      }
    },
    "root": {
      "inputs": {
        "home-manager": "home-manager",
        "nixpkgs": "nixpkgs",
        "unstable": "unstable"
      }
    },
    "unstable": {
      "locked": {
        "lastModified": 1749794982,
        "narHash": "sha256-Kh9K4taXbVuaLC0IL+9HcfvxsSUx8dPB5s5weJcc9pc=",
        "owner": "nixos",
        "repo": "nixpkgs",
        "rev": "ee930f9755f58096ac6e8ca94a1887e0534e2d81",
        "type": "github"
      },
      "original": {
        "owner": "nixos",
        "ref": "nixos-unstable",
        "repo": "nixpkgs",
        "type": "github"
      }
    }
  },
  "root": "root",
  "version": 7
}
